{
  "nodes": {
    "home-manager": {
      "inputs": {
        "nixpkgs": [
          "nixpkgs"
        ]
      },
      "locked": {
        "lastModified": 1736373539,
        "narHash": "sha256-dinzAqCjenWDxuy+MqUQq0I4zUSfaCvN9rzuCmgMZJY=",
        "owner": "nix-community",
        "repo": "home-manager",
        "rev": "bd65bc3cde04c16755955630b344bc9e35272c56",
        "type": "github"
      },
      "original": {
        "owner": "nix-community",
        "ref": "release-24.11",
        "repo": "home-manager",
        "type": "github"
      }
    },
    "nixpkgs": {
      "locked": {
        "lastModified": 1737404927,
        "narHash": "sha256-e1WgPJpIYbOuokjgylcsuoEUCB4Jl2rQXa2LUD6XAG8=",
        "owner": "nixos",
        "repo": "nixpkgs",
        "rev": "ae584d90cbd0396a422289ee3efb1f1c9d141dc3",
        "type": "github"
      },
      "original": {
        "owner": "nixos",
        "ref": "nixos-24.11",
        "repo": "nixpkgs",
        "type": "github"
      }
    },
    "ranger-devicons": {
      "flake": false,
      "locked": {
        "lastModified": 1736375293,
        "narHash": "sha256-ck53eG+mGIQ706sUnEHbJ6vY1/LYnRcpq94JXzwnGTQ=",
        "owner": "alexanderjeurissen",
        "repo": "ranger_devicons",
        "rev": "f227f212e14996fbb366f945ec3ecaf5dc5f44b0",
        "type": "github"
      },
      "original": {
        "owner": "alexanderjeurissen",
        "repo": "ranger_devicons",
        "type": "github"
      }
    },
    "root": {
      "inputs": {
        "home-manager": "home-manager",
        "nixpkgs": "nixpkgs",
        "ranger-devicons": "ranger-devicons",
        "spacemacs": "spacemacs",
        "zsh-system-clipboard": "zsh-system-clipboard"
      }
    },
    "spacemacs": {
      "flake": false,
      "locked": {
        "lastModified": 1738733518,
        "narHash": "sha256-Aql3Qj5BAvnGT0Pb96UsvMWXTpcCRLBU86n690kKcLg=",
        "owner": "syl20bnr",
        "repo": "spacemacs",
        "rev": "5dfed5981644fe56f95235ac2f0b7ea026148a72",
        "type": "github"
      },
      "original": {
        "owner": "syl20bnr",
        "ref": "develop",
        "repo": "spacemacs",
        "type": "github"
      }
    },
    "zsh-system-clipboard": {
      "flake": false,
      "locked": {
        "lastModified": 1721306211,
        "narHash": "sha256-phsIdvuqcwtAVE1dtQyXcMgNdRMNY03/mIzsvHWPS1Y=",
        "owner": "kutsan",
        "repo": "zsh-system-clipboard",
        "rev": "8b4229000d31e801e6458a3dfa2d60720c110d11",
        "type": "github"
      },
      "original": {
        "owner": "kutsan",
        "repo": "zsh-system-clipboard",
        "type": "github"
      }
    }
  },
  "root": "root",
  "version": 7
}
